
Microsoft Visual Studio Solution File, Format Version 12.00
# Visual Studio Version 17
VisualStudioVersion = 17.8.34330.188
MinimumVisualStudioVersion = 10.0.40219.1
Project("{9A19103F-16F7-4668-BE54-9A1E7A4F7556}") = "GuessNumberApp", "GuessNumberApp.csproj", "{3DFF6063-3524-42E0-B4D5-781607AEA50B}"
EndProject
Project("{FAE04EC0-301F-11D3-BF4B-00C04F79EFBC}") = "GuessNumberAppTests", "..\GuessNumberAppTests\GuessNumberAppTests.csproj", "{B86FE281-7D20-451B-9374-FF48FF7965A1}"
EndProject
Global
	GlobalSection(SolutionConfigurationPlatforms) = preSolution
		Debug|Any CPU = Debug|Any CPU
		Release|Any CPU = Release|Any CPU
	EndGlobalSection
	GlobalSection(ProjectConfigurationPlatforms) = postSolution
		{3DFF6063-3524-42E0-B4D5-781607AEA50B}.Debug|Any CPU.ActiveCfg = Debug|Any CPU
		{3DFF6063-3524-42E0-B4D5-781607AEA50B}.Debug|Any CPU.Build.0 = Debug|Any CPU
		{3DFF6063-3524-42E0-B4D5-781607AEA50B}.Release|Any CPU.ActiveCfg = Release|Any CPU
		{3DFF6063-3524-42E0-B4D5-781607AEA50B}.Release|Any CPU.Build.0 = Release|Any CPU
		{B86FE281-7D20-451B-9374-FF48FF7965A1}.Debug|Any CPU.ActiveCfg = Debug|Any CPU
		{B86FE281-7D20-451B-9374-FF48FF7965A1}.Debug|Any CPU.Build.0 = Debug|Any CPU
		{B86FE281-7D20-451B-9374-FF48FF7965A1}.Release|Any CPU.ActiveCfg = Release|Any CPU
		{B86FE281-7D20-451B-9374-FF48FF7965A1}.Release|Any CPU.Build.0 = Release|Any CPU
	EndGlobalSection
	GlobalSection(SolutionProperties) = preSolution
		HideSolutionNode = FALSE
	EndGlobalSection
	GlobalSection(ExtensibilityGlobals) = postSolution
		SolutionGuid = {1C5714DF-FD35-4D58-A00C-214A0CC3E413}
	EndGlobalSection
EndGlobal
